github.com/pchchv/env v0.0.0-20230407190545-6b70f0aa859f h1:Yd9HVObOi414sbpfM/NSi5+RG3IwnRmNMkKoVECe1DU=
github.com/pchchv/env v0.0.0-20230407190545-6b70f0aa859f/go.mod h1:23CoPvHcm1K9RITtvD/IKY2I9SCf7VeWVLmmypKcquE=
github.com/pchchv/golog v1.0.1 h1:241Zy/DP9XDvQO42fOnxjfhSSE+J/uOs8oayoaUuDVk=
github.com/pchchv/golog v1.0.1/go.mod h1:uzMg2LZ1U+/0rCIiHawZ8nvV07jgrpFz/ZdrUWYLa8w=
